
Microsoft Visual Studio Solution File, Format Version 12.00
# Visual Studio 16
Project("{FAE04EC0-301F-11D3-BF4B-00C04F79EFBC}") = "Assembly-CSharp", "Assembly-CSharp.csproj", "{905324F4-7480-419E-DC16-995DCCE8BE33}"
EndProject
Project("{FAE04EC0-301F-11D3-BF4B-00C04F79EFBC}") = "Assembly-CSharp-firstpass", "Assembly-CSharp-firstpass.csproj", "{9E6ACCAF-F6B9-3F5C-D86C-8DCFB4CB9F32}"
EndProject
Project("{FAE04EC0-301F-11D3-BF4B-00C04F79EFBC}") = "Assembly-CSharp-Editor", "Assembly-CSharp-Editor.csproj", "{842E7AB7-0E72-8087-A414-4182FC0E4F61}"
EndProject
Global
	GlobalSection(SolutionConfigurationPlatforms) = preSolution
		Debug|Any CPU = Debug|Any CPU
		Release|Any CPU = Release|Any CPU
	EndGlobalSection
	GlobalSection(ProjectConfigurationPlatforms) = postSolution
		{905324F4-7480-419E-DC16-995DCCE8BE33}.Debug|Any CPU.ActiveCfg = Debug|Any CPU
		{905324F4-7480-419E-DC16-995DCCE8BE33}.Debug|Any CPU.Build.0 = Debug|Any CPU
		{905324F4-7480-419E-DC16-995DCCE8BE33}.Release|Any CPU.ActiveCfg = Release|Any CPU
		{905324F4-7480-419E-DC16-995DCCE8BE33}.Release|Any CPU.Build.0 = Release|Any CPU
		{9E6ACCAF-F6B9-3F5C-D86C-8DCFB4CB9F32}.Debug|Any CPU.ActiveCfg = Debug|Any CPU
		{9E6ACCAF-F6B9-3F5C-D86C-8DCFB4CB9F32}.Debug|Any CPU.Build.0 = Debug|Any CPU
		{9E6ACCAF-F6B9-3F5C-D86C-8DCFB4CB9F32}.Release|Any CPU.ActiveCfg = Release|Any CPU
		{9E6ACCAF-F6B9-3F5C-D86C-8DCFB4CB9F32}.Release|Any CPU.Build.0 = Release|Any CPU
		{842E7AB7-0E72-8087-A414-4182FC0E4F61}.Debug|Any CPU.ActiveCfg = Debug|Any CPU
		{842E7AB7-0E72-8087-A414-4182FC0E4F61}.Debug|Any CPU.Build.0 = Debug|Any CPU
		{842E7AB7-0E72-8087-A414-4182FC0E4F61}.Release|Any CPU.ActiveCfg = Release|Any CPU
		{842E7AB7-0E72-8087-A414-4182FC0E4F61}.Release|Any CPU.Build.0 = Release|Any CPU
	EndGlobalSection
	GlobalSection(SolutionProperties) = preSolution
		HideSolutionNode = FALSE
	EndGlobalSection
EndGlobal
